
Microsoft Visual Studio Solution File, Format Version 12.00
# Visual Studio Version 16
VisualStudioVersion = 16.0.30114.105
MinimumVisualStudioVersion = 10.0.40219.1
Project("{9A19103F-16F7-4668-BE54-9A1E7A4F7556}") = "BangTestDemo2", "BangTestDemo2.csproj", "{8D639199-6585-4E4A-92FC-D9E4F8A7726C}"
EndProject
Global
	GlobalSection(SolutionConfigurationPlatforms) = preSolution
		Debug|Any CPU = Debug|Any CPU
		Release|Any CPU = Release|Any CPU
	EndGlobalSection
	GlobalSection(ProjectConfigurationPlatforms) = postSolution
		{8D639199-6585-4E4A-92FC-D9E4F8A7726C}.Debug|Any CPU.ActiveCfg = Debug|Any CPU
		{8D639199-6585-4E4A-92FC-D9E4F8A7726C}.Debug|Any CPU.Build.0 = Debug|Any CPU
		{8D639199-6585-4E4A-92FC-D9E4F8A7726C}.Release|Any CPU.ActiveCfg = Release|Any CPU
		{8D639199-6585-4E4A-92FC-D9E4F8A7726C}.Release|Any CPU.Build.0 = Release|Any CPU
	EndGlobalSection
	GlobalSection(SolutionProperties) = preSolution
		HideSolutionNode = FALSE
	EndGlobalSection
	GlobalSection(ExtensibilityGlobals) = postSolution
		SolutionGuid = {2675F9D8-B648-4B47-BA71-E3EBE2F391AE}
	EndGlobalSection
EndGlobal
